
Microsoft Visual Studio Solution File, Format Version 12.00
# Visual Studio Version 17
VisualStudioVersion = 17.14.36414.22 d17.14
MinimumVisualStudioVersion = 10.0.40219.1
Project("{FAE04EC0-301F-11D3-BF4B-00C04F79EFBC}") = "Logic", "Logic\Logic.csproj", "{49C299D7-AADA-4BA4-903E-5B415661C659}"
EndProject
Project("{FAE04EC0-301F-11D3-BF4B-00C04F79EFBC}") = "Data", "Data\Data.csproj", "{8A0163F0-BF94-40F8-ABDB-0B48D4969384}"
EndProject
Project("{FAE04EC0-301F-11D3-BF4B-00C04F79EFBC}") = "PresentationModel", "PresentationModel\PresentationModel.csproj", "{618CFF74-1F96-489D-AAB7-01C578B38EBC}"
EndProject
Project("{FAE04EC0-301F-11D3-BF4B-00C04F79EFBC}") = "PresentationView", "PresentationView\PresentationView.csproj", "{59D0780B-2367-453D-9934-E07FFD3D054F}"
EndProject
Project("{FAE04EC0-301F-11D3-BF4B-00C04F79EFBC}") = "PresentationViewModel", "PresentationViewModel\PresentationViewModel.csproj", "{AEC238AA-64A4-49AE-8840-0B6C6A100755}"
EndProject
Project("{FAE04EC0-301F-11D3-BF4B-00C04F79EFBC}") = "PresentationViewModelTest", "PresentationViewModelTest\PresentationViewModelTest.csproj", "{0A95D83C-3432-433C-A6B0-D7B503C7B2D0}"
EndProject
Project("{FAE04EC0-301F-11D3-BF4B-00C04F79EFBC}") = "PresentationModelTest", "PresentationModelTest\PresentationModelTest.csproj", "{7FA984D2-B24E-44A9-82B8-A284A9470695}"
EndProject
Project("{FAE04EC0-301F-11D3-BF4B-00C04F79EFBC}") = "LogicTest", "LogicTest\LogicTest.csproj", "{9E5F68C6-EDCF-4A54-BAC4-17352B886E5A}"
EndProject
Project("{FAE04EC0-301F-11D3-BF4B-00C04F79EFBC}") = "DataTest", "DataTest\DataTest.csproj", "{60910AAD-C447-4955-A7BD-797809E6414F}"
EndProject
Global
	GlobalSection(SolutionConfigurationPlatforms) = preSolution
		Debug|Any CPU = Debug|Any CPU
		Release|Any CPU = Release|Any CPU
	EndGlobalSection
	GlobalSection(ProjectConfigurationPlatforms) = postSolution
		{49C299D7-AADA-4BA4-903E-5B415661C659}.Debug|Any CPU.ActiveCfg = Debug|Any CPU
		{49C299D7-AADA-4BA4-903E-5B415661C659}.Debug|Any CPU.Build.0 = Debug|Any CPU
		{49C299D7-AADA-4BA4-903E-5B415661C659}.Release|Any CPU.ActiveCfg = Release|Any CPU
		{49C299D7-AADA-4BA4-903E-5B415661C659}.Release|Any CPU.Build.0 = Release|Any CPU
		{8A0163F0-BF94-40F8-ABDB-0B48D4969384}.Debug|Any CPU.ActiveCfg = Debug|Any CPU
		{8A0163F0-BF94-40F8-ABDB-0B48D4969384}.Debug|Any CPU.Build.0 = Debug|Any CPU
		{8A0163F0-BF94-40F8-ABDB-0B48D4969384}.Release|Any CPU.ActiveCfg = Release|Any CPU
		{8A0163F0-BF94-40F8-ABDB-0B48D4969384}.Release|Any CPU.Build.0 = Release|Any CPU
		{618CFF74-1F96-489D-AAB7-01C578B38EBC}.Debug|Any CPU.ActiveCfg = Debug|Any CPU
		{618CFF74-1F96-489D-AAB7-01C578B38EBC}.Debug|Any CPU.Build.0 = Debug|Any CPU
		{618CFF74-1F96-489D-AAB7-01C578B38EBC}.Release|Any CPU.ActiveCfg = Release|Any CPU
		{618CFF74-1F96-489D-AAB7-01C578B38EBC}.Release|Any CPU.Build.0 = Release|Any CPU
		{59D0780B-2367-453D-9934-E07FFD3D054F}.Debug|Any CPU.ActiveCfg = Debug|Any CPU
		{59D0780B-2367-453D-9934-E07FFD3D054F}.Debug|Any CPU.Build.0 = Debug|Any CPU
		{59D0780B-2367-453D-9934-E07FFD3D054F}.Release|Any CPU.ActiveCfg = Release|Any CPU
		{59D0780B-2367-453D-9934-E07FFD3D054F}.Release|Any CPU.Build.0 = Release|Any CPU
		{AEC238AA-64A4-49AE-8840-0B6C6A100755}.Debug|Any CPU.ActiveCfg = Debug|Any CPU
		{AEC238AA-64A4-49AE-8840-0B6C6A100755}.Debug|Any CPU.Build.0 = Debug|Any CPU
		{AEC238AA-64A4-49AE-8840-0B6C6A100755}.Release|Any CPU.ActiveCfg = Release|Any CPU
		{AEC238AA-64A4-49AE-8840-0B6C6A100755}.Release|Any CPU.Build.0 = Release|Any CPU
		{0A95D83C-3432-433C-A6B0-D7B503C7B2D0}.Debug|Any CPU.ActiveCfg = Debug|Any CPU
		{0A95D83C-3432-433C-A6B0-D7B503C7B2D0}.Debug|Any CPU.Build.0 = Debug|Any CPU
		{0A95D83C-3432-433C-A6B0-D7B503C7B2D0}.Release|Any CPU.ActiveCfg = Release|Any CPU
		{0A95D83C-3432-433C-A6B0-D7B503C7B2D0}.Release|Any CPU.Build.0 = Release|Any CPU
		{7FA984D2-B24E-44A9-82B8-A284A9470695}.Debug|Any CPU.ActiveCfg = Debug|Any CPU
		{7FA984D2-B24E-44A9-82B8-A284A9470695}.Debug|Any CPU.Build.0 = Debug|Any CPU
		{7FA984D2-B24E-44A9-82B8-A284A9470695}.Release|Any CPU.ActiveCfg = Release|Any CPU
		{7FA984D2-B24E-44A9-82B8-A284A9470695}.Release|Any CPU.Build.0 = Release|Any CPU
		{9E5F68C6-EDCF-4A54-BAC4-17352B886E5A}.Debug|Any CPU.ActiveCfg = Debug|Any CPU
		{9E5F68C6-EDCF-4A54-BAC4-17352B886E5A}.Debug|Any CPU.Build.0 = Debug|Any CPU
		{9E5F68C6-EDCF-4A54-BAC4-17352B886E5A}.Release|Any CPU.ActiveCfg = Release|Any CPU
		{9E5F68C6-EDCF-4A54-BAC4-17352B886E5A}.Release|Any CPU.Build.0 = Release|Any CPU
		{60910AAD-C447-4955-A7BD-797809E6414F}.Debug|Any CPU.ActiveCfg = Debug|Any CPU
		{60910AAD-C447-4955-A7BD-797809E6414F}.Debug|Any CPU.Build.0 = Debug|Any CPU
		{60910AAD-C447-4955-A7BD-797809E6414F}.Release|Any CPU.ActiveCfg = Release|Any CPU
		{60910AAD-C447-4955-A7BD-797809E6414F}.Release|Any CPU.Build.0 = Release|Any CPU
	EndGlobalSection
	GlobalSection(SolutionProperties) = preSolution
		HideSolutionNode = FALSE
	EndGlobalSection
	GlobalSection(ExtensibilityGlobals) = postSolution
		SolutionGuid = {22C1E2F2-2673-455D-8394-DD64D51F74D7}
	EndGlobalSection
EndGlobal
